
Microsoft Visual Studio Solution File, Format Version 12.00
# Visual Studio Version 17
VisualStudioVersion = 17.13.35828.75 d17.13
MinimumVisualStudioVersion = 10.0.40219.1
Project("{FAE04EC0-301F-11D3-BF4B-00C04F79EFBC}") = "StudentGrades", "StudentGrades.csproj", "{8BBF1751-B915-4523-8F03-BF36CA1ECCB1}"
EndProject
Global
	GlobalSection(SolutionConfigurationPlatforms) = preSolution
		Debug|Any CPU = Debug|Any CPU
		Release|Any CPU = Release|Any CPU
	EndGlobalSection
	GlobalSection(ProjectConfigurationPlatforms) = postSolution
		{8BBF1751-B915-4523-8F03-BF36CA1ECCB1}.Debug|Any CPU.ActiveCfg = Debug|Any CPU
		{8BBF1751-B915-4523-8F03-BF36CA1ECCB1}.Debug|Any CPU.Build.0 = Debug|Any CPU
		{8BBF1751-B915-4523-8F03-BF36CA1ECCB1}.Release|Any CPU.ActiveCfg = Release|Any CPU
		{8BBF1751-B915-4523-8F03-BF36CA1ECCB1}.Release|Any CPU.Build.0 = Release|Any CPU
	EndGlobalSection
	GlobalSection(SolutionProperties) = preSolution
		HideSolutionNode = FALSE
	EndGlobalSection
	GlobalSection(ExtensibilityGlobals) = postSolution
		SolutionGuid = {25F296CE-5915-417B-A37D-1D801864CE70}
	EndGlobalSection
EndGlobal
