
Microsoft Visual Studio Solution File, Format Version 12.00
# Visual Studio Version 17
VisualStudioVersion = 17.13.35828.75 d17.13
MinimumVisualStudioVersion = 10.0.40219.1
Project("{FAE04EC0-301F-11D3-BF4B-00C04F79EFBC}") = "TestTime3", "TestTime3.csproj", "{70887DE2-881D-4CA4-89EF-9D6EA8380285}"
EndProject
Global
	GlobalSection(SolutionConfigurationPlatforms) = preSolution
		Debug|Any CPU = Debug|Any CPU
		Release|Any CPU = Release|Any CPU
	EndGlobalSection
	GlobalSection(ProjectConfigurationPlatforms) = postSolution
		{70887DE2-881D-4CA4-89EF-9D6EA8380285}.Debug|Any CPU.ActiveCfg = Debug|Any CPU
		{70887DE2-881D-4CA4-89EF-9D6EA8380285}.Debug|Any CPU.Build.0 = Debug|Any CPU
		{70887DE2-881D-4CA4-89EF-9D6EA8380285}.Release|Any CPU.ActiveCfg = Release|Any CPU
		{70887DE2-881D-4CA4-89EF-9D6EA8380285}.Release|Any CPU.Build.0 = Release|Any CPU
	EndGlobalSection
	GlobalSection(SolutionProperties) = preSolution
		HideSolutionNode = FALSE
	EndGlobalSection
	GlobalSection(ExtensibilityGlobals) = postSolution
		SolutionGuid = {76F2651D-40CA-4382-B0BA-AAE451C5CADF}
	EndGlobalSection
EndGlobal
